
Microsoft Visual Studio Solution File, Format Version 12.00
# Visual Studio Version 17
VisualStudioVersion = 17.1.32319.34
MinimumVisualStudioVersion = 10.0.40219.1
Project("{FAE04EC0-301F-11D3-BF4B-00C04F79EFBC}") = "WpfApp5", "WpfApp5\WpfApp5.csproj", "{0B7D9FFE-8227-4714-B947-0F5F7152651C}"
EndProject
Global
	GlobalSection(SolutionConfigurationPlatforms) = preSolution
		Debug|Any CPU = Debug|Any CPU
		Release|Any CPU = Release|Any CPU
	EndGlobalSection
	GlobalSection(ProjectConfigurationPlatforms) = postSolution
		{0B7D9FFE-8227-4714-B947-0F5F7152651C}.Debug|Any CPU.ActiveCfg = Debug|Any CPU
		{0B7D9FFE-8227-4714-B947-0F5F7152651C}.Debug|Any CPU.Build.0 = Debug|Any CPU
		{0B7D9FFE-8227-4714-B947-0F5F7152651C}.Release|Any CPU.ActiveCfg = Release|Any CPU
		{0B7D9FFE-8227-4714-B947-0F5F7152651C}.Release|Any CPU.Build.0 = Release|Any CPU
	EndGlobalSection
	GlobalSection(SolutionProperties) = preSolution
		HideSolutionNode = FALSE
	EndGlobalSection
	GlobalSection(ExtensibilityGlobals) = postSolution
		SolutionGuid = {4683EDB0-1D61-446F-B7C0-4F0A47B51C77}
	EndGlobalSection
EndGlobal
